{
  "object": {
    "pins": [
      {
        "package": "SDWebImage",
        "repositoryURL": "https://github.com/BogdanShmatov/SDWebImage.git",
        "state": {
          "branch": "master",
          "revision": "8c151f108b6b6714e2b43b8d1bf6cc1bf5bf12a1",
          "version": null
        }
      }
    ]
  },
  "version": 1
}
